// !$*UTF8*$!
{
	archiveVersion = 1;
	classes = {
	};
	objectVersion = 50;
	objects = {

/* Begin PBXBuildFile section */
		9BA556B8215DAD2B00046F0D /* AppDelegate.swift in Sources */ = {isa = PBXBuildFile; fileRef = 9BA556B7215DAD2B00046F0D /* AppDelegate.swift */; };
		9BA556BA215DAD2B00046F0D /* ViewController.swift in Sources */ = {isa = PBXBuildFile; fileRef = 9BA556B9215DAD2B00046F0D /* ViewController.swift */; };
		9BA556BD215DAD2B00046F0D /* Main.storyboard in Resources */ = {isa = PBXBuildFile; fileRef = 9BA556BB215DAD2B00046F0D /* Main.storyboard */; };
		9BA556BF215DAD2C00046F0D /* Assets.xcassets in Resources */ = {isa = PBXBuildFile; fileRef = 9BA556BE215DAD2C00046F0D /* Assets.xcassets */; };
		9BA556C2215DAD2C00046F0D /* LaunchScreen.storyboard in Resources */ = {isa = PBXBuildFile; fileRef = 9BA556C0215DAD2C00046F0D /* LaunchScreen.storyboard */; };
		9BA556CD215DAD2C00046F0D /* calculatorTests.swift in Sources */ = {isa = PBXBuildFile; fileRef = 9BA556CC215DAD2C00046F0D /* calculatorTests.swift */; };
		9BA556D8215DAD2D00046F0D /* calculatorUITests.swift in Sources */ = {isa = PBXBuildFile; fileRef = 9BA556D7215DAD2D00046F0D /* calculatorUITests.swift */; };
/* End PBXBuildFile section */

/* Begin PBXContainerItemProxy section */
		9BA556C9215DAD2C00046F0D /* PBXContainerItemProxy */ = {
			isa = PBXContainerItemProxy;
			containerPortal = 9BA556AC215DAD2B00046F0D /* Project object */;
			proxyType = 1;
			remoteGlobalIDString = 9BA556B3215DAD2B00046F0D;
			remoteInfo = calculator;
		};
		9BA556D4215DAD2D00046F0D /* PBXContainerItemProxy */ = {
			isa = PBXContainerItemProxy;
			containerPortal = 9BA556AC215DAD2B00046F0D /* Project object */;
			proxyType = 1;
			remoteGlobalIDString = 9BA556B3215DAD2B00046F0D;
			remoteInfo = calculator;
		};
/* End PBXContainerItemProxy section */

/* Begin PBXFileReference section */
		9BA556B4215DAD2B00046F0D /* calculator.app */ = {isa = PBXFileReference; explicitFileType = wrapper.application; includeInIndex = 0; path = calculator.app; sourceTree = BUILT_PRODUCTS_DIR; };
		9BA556B7215DAD2B00046F0D /* AppDelegate.swift */ = {isa = PBXFileReference; lastKnownFileType = sourcecode.swift; path = AppDelegate.swift; sourceTree = "<group>"; };
		9BA556B9215DAD2B00046F0D /* ViewController.swift */ = {isa = PBXFileReference; lastKnownFileType = sourcecode.swift; path = ViewController.swift; sourceTree = "<group>"; };
		9BA556BC215DAD2B00046F0D /* Base */ = {isa = PBXFileReference; lastKnownFileType = file.storyboard; name = Base; path = Base.lproj/Main.storyboard; sourceTree = "<group>"; };
		9BA556BE215DAD2C00046F0D /* Assets.xcassets */ = {isa = PBXFileReference; lastKnownFileType = folder.assetcatalog; path = Assets.xcassets; sourceTree = "<group>"; };
		9BA556C1215DAD2C00046F0D /* Base */ = {isa = PBXFileReference; lastKnownFileType = file.storyboard; name = Base; path = Base.lproj/LaunchScreen.storyboard; sourceTree = "<group>"; };
		9BA556C3215DAD2C00046F0D /* Info.plist */ = {isa = PBXFileReference; lastKnownFileType = text.plist.xml; path = Info.plist; sourceTree = "<group>"; };
		9BA556C8215DAD2C00046F0D /* calculatorTests.xctest */ = {isa = PBXFileReference; explicitFileType = wrapper.cfbundle; includeInIndex = 0; path = calculatorTests.xctest; sourceTree = BUILT_PRODUCTS_DIR; };
		9BA556CC215DAD2C00046F0D /* calculatorTests.swift */ = {isa = PBXFileReference; lastKnownFileType = sourcecode.swift; path = calculatorTests.swift; sourceTree = "<group>"; };
		9BA556CE215DAD2C00046F0D /* Info.plist */ = {isa = PBXFileReference; lastKnownFileType = text.plist.xml; path = Info.plist; sourceTree = "<group>"; };
		9BA556D3215DAD2D00046F0D /* calculatorUITests.xctest */ = {isa = PBXFileReference; explicitFileType = wrapper.cfbundle; includeInIndex = 0; path = calculatorUITests.xctest; sourceTree = BUILT_PRODUCTS_DIR; };
		9BA556D7215DAD2D00046F0D /* calculatorUITests.swift */ = {isa = PBXFileReference; lastKnownFileType = sourcecode.swift; path = calculatorUITests.swift; sourceTree = "<group>"; };
		9BA556D9215DAD2D00046F0D /* Info.plist */ = {isa = PBXFileReference; lastKnownFileType = text.plist.xml; path = Info.plist; sourceTree = "<group>"; };
/* End PBXFileReference section */

/* Begin PBXFrameworksBuildPhase section */
		9BA556B1215DAD2B00046F0D /* Frameworks */ = {
			isa = PBXFrameworksBuildPhase;
			buildActionMask = 2147483647;
			files = (
			);
			runOnlyForDeploymentPostprocessing = 0;
		};
		9BA556C5215DAD2C00046F0D /* Frameworks */ = {
			isa = PBXFrameworksBuildPhase;
			buildActionMask = 2147483647;
			files = (
			);
			runOnlyForDeploymentPostprocessing = 0;
		};
		9BA556D0215DAD2D00046F0D /* Frameworks */ = {
			isa = PBXFrameworksBuildPhase;
			buildActionMask = 2147483647;
			files = (
			);
			runOnlyForDeploymentPostprocessing = 0;
		};
/* End PBXFrameworksBuildPhase section */

/* Begin PBXGroup section */
		9BA556AB215DAD2B00046F0D = {
			isa = PBXGroup;
			children = (
				9BA556B6215DAD2B00046F0D /* calculator */,
				9BA556CB215DAD2C00046F0D /* calculatorTests */,
				9BA556D6215DAD2D00046F0D /* calculatorUITests */,
				9BA556B5215DAD2B00046F0D /* Products */,
			);
			sourceTree = "<group>";
		};
		9BA556B5215DAD2B00046F0D /* Products */ = {
			isa = PBXGroup;
			children = (
				9BA556B4215DAD2B00046F0D /* calculator.app */,
				9BA556C8215DAD2C00046F0D /* calculatorTests.xctest */,
				9BA556D3215DAD2D00046F0D /* calculatorUITests.xctest */,
			);
			name = Products;
			sourceTree = "<group>";
		};
		9BA556B6215DAD2B00046F0D /* calculator */ = {
			isa = PBXGroup;
			children = (
				9BA556B7215DAD2B00046F0D /* AppDelegate.swift */,
				9BA556B9215DAD2B00046F0D /* ViewController.swift */,
				9BA556BB215DAD2B00046F0D /* Main.storyboard */,
				9BA556BE215DAD2C00046F0D /* Assets.xcassets */,
				9BA556C0215DAD2C00046F0D /* LaunchScreen.storyboard */,
				9BA556C3215DAD2C00046F0D /* Info.plist */,
			);
			path = calculator;
			sourceTree = "<group>";
		};
		9BA556CB215DAD2C00046F0D /* calculatorTests */ = {
			isa = PBXGroup;
			children = (
				9BA556CC215DAD2C00046F0D /* calculatorTests.swift */,
				9BA556CE215DAD2C00046F0D /* Info.plist */,
			);
			path = calculatorTests;
			sourceTree = "<group>";
		};
		9BA556D6215DAD2D00046F0D /* calculatorUITests */ = {
			isa = PBXGroup;
			children = (
				9BA556D7215DAD2D00046F0D /* calculatorUITests.swift */,
				9BA556D9215DAD2D00046F0D /* Info.plist */,
			);
			path = calculatorUITests;
			sourceTree = "<group>";
		};
/* End PBXGroup section */

/* Begin PBXNativeTarget section */
		9BA556B3215DAD2B00046F0D /* calculator */ = {
			isa = PBXNativeTarget;
			buildConfigurationList = 9BA556DC215DAD2D00046F0D /* Build configuration list for PBXNativeTarget "calculator" */;
			buildPhases = (
				9BA556B0215DAD2B00046F0D /* Sources */,
				9BA556B1215DAD2B00046F0D /* Frameworks */,
				9BA556B2215DAD2B00046F0D /* Resources */,
			);
			buildRules = (
			);
			dependencies = (
			);
			name = calculator;
			productName = calculator;
			productReference = 9BA556B4215DAD2B00046F0D /* calculator.app */;
			productType = "com.apple.product-type.application";
		};
		9BA556C7215DAD2C00046F0D /* calculatorTests */ = {
			isa = PBXNativeTarget;
			buildConfigurationList = 9BA556DF215DAD2D00046F0D /* Build configuration list for PBXNativeTarget "calculatorTests" */;
			buildPhases = (
				9BA556C4215DAD2C00046F0D /* Sources */,
				9BA556C5215DAD2C00046F0D /* Frameworks */,
				9BA556C6215DAD2C00046F0D /* Resources */,
			);
			buildRules = (
			);
			dependencies = (
				9BA556CA215DAD2C00046F0D /* PBXTargetDependency */,
			);
			name = calculatorTests;
			productName = calculatorTests;
			productReference = 9BA556C8215DAD2C00046F0D /* calculatorTests.xctest */;
			productType = "com.apple.product-type.bundle.unit-test";
		};
		9BA556D2215DAD2D00046F0D /* calculatorUITests */ = {
			isa = PBXNativeTarget;
			buildConfigurationList = 9BA556E2215DAD2D00046F0D /* Build configuration list for PBXNativeTarget "calculatorUITests" */;
			buildPhases = (
				9BA556CF215DAD2D00046F0D /* Sources */,
				9BA556D0215DAD2D00046F0D /* Frameworks */,
				9BA556D1215DAD2D00046F0D /* Resources */,
			);
			buildRules = (
			);
			dependencies = (
				9BA556D5215DAD2D00046F0D /* PBXTargetDependency */,
			);
			name = calculatorUITests;
			productName = calculatorUITests;
			productReference = 9BA556D3215DAD2D00046F0D /* calculatorUITests.xctest */;
			productType = "com.apple.product-type.bundle.ui-testing";
		};
/* End PBXNativeTarget section */

/* Begin PBXProject section */
		9BA556AC215DAD2B00046F0D /* Project object */ = {
			isa = PBXProject;
			attributes = {
				LastSwiftUpdateCheck = 1000;
				LastUpgradeCheck = 1000;
				ORGANIZATIONNAME = "李锦华";
				TargetAttributes = {
					9BA556B3215DAD2B00046F0D = {
						CreatedOnToolsVersion = 10.0;
					};
					9BA556C7215DAD2C00046F0D = {
						CreatedOnToolsVersion = 10.0;
						TestTargetID = 9BA556B3215DAD2B00046F0D;
					};
					9BA556D2215DAD2D00046F0D = {
						CreatedOnToolsVersion = 10.0;
						TestTargetID = 9BA556B3215DAD2B00046F0D;
					};
				};
			};
			buildConfigurationList = 9BA556AF215DAD2B00046F0D /* Build configuration list for PBXProject "calculator" */;
			compatibilityVersion = "Xcode 9.3";
			developmentRegion = en;
			hasScannedForEncodings = 0;
			knownRegions = (
				en,
				Base,
			);
			mainGroup = 9BA556AB215DAD2B00046F0D;
			productRefGroup = 9BA556B5215DAD2B00046F0D /* Products */;
			projectDirPath = "";
			projectRoot = "";
			targets = (
				9BA556B3215DAD2B00046F0D /* calculator */,
				9BA556C7215DAD2C00046F0D /* calculatorTests */,
				9BA556D2215DAD2D00046F0D /* calculatorUITests */,
			);
		};
/* End PBXProject section */

/* Begin PBXResourcesBuildPhase section */
		9BA556B2215DAD2B00046F0D /* Resources */ = {
			isa = PBXResourcesBuildPhase;
			buildActionMask = 2147483647;
			files = (
				9BA556C2215DAD2C00046F0D /* LaunchScreen.storyboard in Resources */,
				9BA556BF215DAD2C00046F0D /* Assets.xcassets in Resources */,
				9BA556BD215DAD2B00046F0D /* Main.storyboard in Resources */,
			);
			runOnlyForDeploymentPostprocessing = 0;
		};
		9BA556C6215DAD2C00046F0D /* Resources */ = {
			isa = PBXResourcesBuildPhase;
			buildActionMask = 2147483647;
			files = (
			);
			runOnlyForDeploymentPostprocessing = 0;
		};
		9BA556D1215DAD2D00046F0D /* Resources */ = {
			isa = PBXResourcesBuildPhase;
			buildActionMask = 2147483647;
			files = (
			);
			runOnlyForDeploymentPostprocessing = 0;
		};
/* End PBXResourcesBuildPhase section */

/* Begin PBXSourcesBuildPhase section */
		9BA556B0215DAD2B00046F0D /* Sources */ = {
			isa = PBXSourcesBuildPhase;
			buildActionMask = 2147483647;
			files = (
				9BA556BA215DAD2B00046F0D /* ViewController.swift in Sources */,
				9BA556B8215DAD2B00046F0D /* AppDelegate.swift in Sources */,
			);
			runOnlyForDeploymentPostprocessing = 0;
		};
		9BA556C4215DAD2C00046F0D /* Sources */ = {
			isa = PBXSourcesBuildPhase;
			buildActionMask = 2147483647;
			files = (
				9BA556CD215DAD2C00046F0D /* calculatorTests.swift in Sources */,
			);
			runOnlyForDeploymentPostprocessing = 0;
		};
		9BA556CF215DAD2D00046F0D /* Sources */ = {
			isa = PBXSourcesBuildPhase;
			buildActionMask = 2147483647;
			files = (
				9BA556D8215DAD2D00046F0D /* calculatorUITests.swift in Sources */,
			);
			runOnlyForDeploymentPostprocessing = 0;
		};
/* End PBXSourcesBuildPhase section */

/* Begin PBXTargetDependency section */
		9BA556CA215DAD2C00046F0D /* PBXTargetDependency */ = {
			isa = PBXTargetDependency;
			target = 9BA556B3215DAD2B00046F0D /* calculator */;
			targetProxy = 9BA556C9215DAD2C00046F0D /* PBXContainerItemProxy */;
		};
		9BA556D5215DAD2D00046F0D /* PBXTargetDependency */ = {
			isa = PBXTargetDependency;
			target = 9BA556B3215DAD2B00046F0D /* calculator */;
			targetProxy = 9BA556D4215DAD2D00046F0D /* PBXContainerItemProxy */;
		};
/* End PBXTargetDependency section */

/* Begin PBXVariantGroup section */
		9BA556BB215DAD2B00046F0D /* Main.storyboard */ = {
			isa = PBXVariantGroup;
			children = (
				9BA556BC215DAD2B00046F0D /* Base */,
			);
			name = Main.storyboard;
			sourceTree = "<group>";
		};
		9BA556C0215DAD2C00046F0D /* LaunchScreen.storyboard */ = {
			isa = PBXVariantGroup;
			children = (
				9BA556C1215DAD2C00046F0D /* Base */,
			);
			name = LaunchScreen.storyboard;
			sourceTree = "<group>";
		};
/* End PBXVariantGroup section */

/* Begin XCBuildConfiguration section */
		9BA556DA215DAD2D00046F0D /* Debug */ = {
			isa = XCBuildConfiguration;
			buildSettings = {
				ALWAYS_SEARCH_USER_PATHS = NO;
				CLANG_ANALYZER_NONNULL = YES;
				CLANG_ANALYZER_NUMBER_OBJECT_CONVERSION = YES_AGGRESSIVE;
				CLANG_CXX_LANGUAGE_STANDARD = "gnu++14";
				CLANG_CXX_LIBRARY = "libc++";
				CLANG_ENABLE_MODULES = YES;
				CLANG_ENABLE_OBJC_ARC = YES;
				CLANG_ENABLE_OBJC_WEAK = YES;
				CLANG_WARN_BLOCK_CAPTURE_AUTORELEASING = YES;
				CLANG_WARN_BOOL_CONVERSION = YES;
				CLANG_WARN_COMMA = YES;
				CLANG_WARN_CONSTANT_CONVERSION = YES;
				CLANG_WARN_DEPRECATED_OBJC_IMPLEMENTATIONS = YES;
				CLANG_WARN_DIRECT_OBJC_ISA_USAGE = YES_ERROR;
				CLANG_WARN_DOCUMENTATION_COMMENTS = YES;
				CLANG_WARN_EMPTY_BODY = YES;
				CLANG_WARN_ENUM_CONVERSION = YES;
				CLANG_WARN_INFINITE_RECURSION = YES;
				CLANG_WARN_INT_CONVERSION = YES;
				CLANG_WARN_NON_LITERAL_NULL_CONVERSION = YES;
				CLANG_WARN_OBJC_IMPLICIT_RETAIN_SELF = YES;
				CLANG_WARN_OBJC_LITERAL_CONVERSION = YES;
				CLANG_WARN_OBJC_ROOT_CLASS = YES_ERROR;
				CLANG_WARN_RANGE_LOOP_ANALYSIS = YES;
				CLANG_WARN_STRICT_PROTOTYPES = YES;
				CLANG_WARN_SUSPICIOUS_MOVE = YES;
				CLANG_WARN_UNGUARDED_AVAILABILITY = YES_AGGRESSIVE;
				CLANG_WARN_UNREACHABLE_CODE = YES;
				CLANG_WARN__DUPLICATE_METHOD_MATCH = YES;
				CODE_SIGN_IDENTITY = "iPhone Developer";
				COPY_PHASE_STRIP = NO;
				DEBUG_INFORMATION_FORMAT = dwarf;
				ENABLE_STRICT_OBJC_MSGSEND = YES;
				ENABLE_TESTABILITY = YES;
				GCC_C_LANGUAGE_STANDARD = gnu11;
				GCC_DYNAMIC_NO_PIC = NO;
				GCC_NO_COMMON_BLOCKS = YES;
				GCC_OPTIMIZATION_LEVEL = 0;
				GCC_PREPROCESSOR_DEFINITIONS = (
					"DEBUG=1",
					"$(inherited)",
				);
				GCC_WARN_64_TO_32_BIT_CONVERSION = YES;
				GCC_WARN_ABOUT_RETURN_TYPE = YES_ERROR;
				GCC_WARN_UNDECLARED_SELECTOR = YES;
				GCC_WARN_UNINITIALIZED_AUTOS = YES_AGGRESSIVE;
				GCC_WARN_UNUSED_FUNCTION = YES;
				GCC_WARN_UNUSED_VARIABLE = YES;
				IPHONEOS_DEPLOYMENT_TARGET = 12.0;
				MTL_ENABLE_DEBUG_INFO = INCLUDE_SOURCE;
				MTL_FAST_MATH = YES;
				ONLY_ACTIVE_ARCH = YES;
				SDKROOT = iphoneos;
				SWIFT_ACTIVE_COMPILATION_CONDITIONS = DEBUG;
				SWIFT_OPTIMIZATION_LEVEL = "-Onone";
			};
			name = Debug;
		};
		9BA556DB215DAD2D00046F0D /* Release */ = {
			isa = XCBuildConfiguration;
			buildSettings = {
				ALWAYS_SEARCH_USER_PATHS = NO;
				CLANG_ANALYZER_NONNULL = YES;
				CLANG_ANALYZER_NUMBER_OBJECT_CONVERSION = YES_AGGRESSIVE;
				CLANG_CXX_LANGUAGE_STANDARD = "gnu++14";
				CLANG_CXX_LIBRARY = "libc++";
				CLANG_ENABLE_MODULES = YES;
				CLANG_ENABLE_OBJC_ARC = YES;
				CLANG_ENABLE_OBJC_WEAK = YES;
				CLANG_WARN_BLOCK_CAPTURE_AUTORELEASING = YES;
				CLANG_WARN_BOOL_CONVERSION = YES;
				CLANG_WARN_COMMA = YES;
				CLANG_WARN_CONSTANT_CONVERSION = YES;
				CLANG_WARN_DEPRECATED_OBJC_IMPLEMENTATIONS = YES;
				CLANG_WARN_DIRECT_OBJC_ISA_USAGE = YES_ERROR;
				CLANG_WARN_DOCUMENTATION_COMMENTS = YES;
				CLANG_WARN_EMPTY_BODY = YES;
				CLANG_WARN_ENUM_CONVERSION = YES;
				CLANG_WARN_INFINITE_RECURSION = YES;
				CLANG_WARN_INT_CONVERSION = YES;
				CLANG_WARN_NON_LITERAL_NULL_CONVERSION = YES;
				CLANG_WARN_OBJC_IMPLICIT_RETAIN_SELF = YES;
				CLANG_WARN_OBJC_LITERAL_CONVERSION = YES;
				CLANG_WARN_OBJC_ROOT_CLASS = YES_ERROR;
				CLANG_WARN_RANGE_LOOP_ANALYSIS = YES;
				CLANG_WARN_STRICT_PROTOTYPES = YES;
				CLANG_WARN_SUSPICIOUS_MOVE = YES;
				CLANG_WARN_UNGUARDED_AVAILABILITY = YES_AGGRESSIVE;
				CLANG_WARN_UNREACHABLE_CODE = YES;
				CLANG_WARN__DUPLICATE_METHOD_MATCH = YES;
				CODE_SIGN_IDENTITY = "iPhone Developer";
				COPY_PHASE_STRIP = NO;
				DEBUG_INFORMATION_FORMAT = "dwarf-with-dsym";
				ENABLE_NS_ASSERTIONS = NO;
				ENABLE_STRICT_OBJC_MSGSEND = YES;
				GCC_C_LANGUAGE_STANDARD = gnu11;
				GCC_NO_COMMON_BLOCKS = YES;
				GCC_WARN_64_TO_32_BIT_CONVERSION = YES;
				GCC_WARN_ABOUT_RETURN_TYPE = YES_ERROR;
				GCC_WARN_UNDECLARED_SELECTOR = YES;
				GCC_WARN_UNINITIALIZED_AUTOS = YES_AGGRESSIVE;
				GCC_WARN_UNUSED_FUNCTION = YES;
				GCC_WARN_UNUSED_VARIABLE = YES;
				IPHONEOS_DEPLOYMENT_TARGET = 12.0;
				MTL_ENABLE_DEBUG_INFO = NO;
				MTL_FAST_MATH = YES;
				SDKROOT = iphoneos;
				SWIFT_COMPILATION_MODE = wholemodule;
				SWIFT_OPTIMIZATION_LEVEL = "-O";
				VALIDATE_PRODUCT = YES;
			};
			name = Release;
		};
		9BA556DD215DAD2D00046F0D /* Debug */ = {
			isa = XCBuildConfiguration;
			buildSettings = {
				ASSETCATALOG_COMPILER_APPICON_NAME = AppIcon;
				CODE_SIGN_STYLE = Automatic;
				INFOPLIST_FILE = calculator/Info.plist;
				LD_RUNPATH_SEARCH_PATHS = (
					"$(inherited)",
					"@executable_path/Frameworks",
				);
				PRODUCT_BUNDLE_IDENTIFIER = "-0171105144.calculator";
				PRODUCT_NAME = "$(TARGET_NAME)";
				SWIFT_VERSION = 4.2;
				TARGETED_DEVICE_FAMILY = "1,2";
			};
			name = Debug;
		};
		9BA556DE215DAD2D00046F0D /* Release */ = {
			isa = XCBuildConfiguration;
			buildSettings = {
				ASSETCATALOG_COMPILER_APPICON_NAME = AppIcon;
				CODE_SIGN_STYLE = Automatic;
				INFOPLIST_FILE = calculator/Info.plist;
				LD_RUNPATH_SEARCH_PATHS = (
					"$(inherited)",
					"@executable_path/Frameworks",
				);
				PRODUCT_BUNDLE_IDENTIFIER = "-0171105144.calculator";
				PRODUCT_NAME = "$(TARGET_NAME)";
				SWIFT_VERSION = 4.2;
				TARGETED_DEVICE_FAMILY = "1,2";
			};
			name = Release;
		};
		9BA556E0215DAD2D00046F0D /* Debug */ = {
			isa = XCBuildConfiguration;
			buildSettings = {
				ALWAYS_EMBED_SWIFT_STANDARD_LIBRARIES = YES;
				BUNDLE_LOADER = "$(TEST_HOST)";
				CODE_SIGN_STYLE = Automatic;
				INFOPLIST_FILE = calculatorTests/Info.plist;
				LD_RUNPATH_SEARCH_PATHS = (
					"$(inherited)",
					"@executable_path/Frameworks",
					"@loader_path/Frameworks",
				);
				PRODUCT_BUNDLE_IDENTIFIER = "-0171105144.calculatorTests";
				PRODUCT_NAME = "$(TARGET_NAME)";
				SWIFT_VERSION = 4.2;
				TARGETED_DEVICE_FAMILY = "1,2";
				TEST_HOST = "$(BUILT_PRODUCTS_DIR)/calculator.app/calculator";
			};
			name = Debug;
		};
		9BA556E1215DAD2D00046F0D /* Release */ = {
			isa = XCBuildConfiguration;
			buildSettings = {
				ALWAYS_EMBED_SWIFT_STANDARD_LIBRARIES = YES;
				BUNDLE_LOADER = "$(TEST_HOST)";
				CODE_SIGN_STYLE = Automatic;
				INFOPLIST_FILE = calculatorTests/Info.plist;
				LD_RUNPATH_SEARCH_PATHS = (
					"$(inherited)",
					"@executable_path/Frameworks",
					"@loader_path/Frameworks",
				);
				PRODUCT_BUNDLE_IDENTIFIER = "-0171105144.calculatorTests";
				PRODUCT_NAME = "$(TARGET_NAME)";
				SWIFT_VERSION = 4.2;
				TARGETED_DEVICE_FAMILY = "1,2";
				TEST_HOST = "$(BUILT_PRODUCTS_DIR)/calculator.app/calculator";
			};
			name = Release;
		};
		9BA556E3215DAD2D00046F0D /* Debug */ = {
			isa = XCBuildConfiguration;
			buildSettings = {
				ALWAYS_EMBED_SWIFT_STANDARD_LIBRARIES = YES;
				CODE_SIGN_STYLE = Automatic;
				INFOPLIST_FILE = calculatorUITests/Info.plist;
				LD_RUNPATH_SEARCH_PATHS = (
					"$(inherited)",
					"@executable_path/Frameworks",
					"@loader_path/Frameworks",
				);
				PRODUCT_BUNDLE_IDENTIFIER = "-0171105144.calculatorUITests";
				PRODUCT_NAME = "$(TARGET_NAME)";
				SWIFT_VERSION = 4.2;
				TARGETED_DEVICE_FAMILY = "1,2";
				TEST_TARGET_NAME = calculator;
			};
			name = Debug;
		};
		9BA556E4215DAD2D00046F0D /* Release */ = {
			isa = XCBuildConfiguration;
			buildSettings = {
				ALWAYS_EMBED_SWIFT_STANDARD_LIBRARIES = YES;
				CODE_SIGN_STYLE = Automatic;
				INFOPLIST_FILE = calculatorUITests/Info.plist;
				LD_RUNPATH_SEARCH_PATHS = (
					"$(inherited)",
					"@executable_path/Frameworks",
					"@loader_path/Frameworks",
				);
				PRODUCT_BUNDLE_IDENTIFIER = "-0171105144.calculatorUITests";
				PRODUCT_NAME = "$(TARGET_NAME)";
				SWIFT_VERSION = 4.2;
				TARGETED_DEVICE_FAMILY = "1,2";
				TEST_TARGET_NAME = calculator;
			};
			name = Release;
		};
/* End XCBuildConfiguration section */

/* Begin XCConfigurationList section */
		9BA556AF215DAD2B00046F0D /* Build configuration list for PBXProject "calculator" */ = {
			isa = XCConfigurationList;
			buildConfigurations = (
				9BA556DA215DAD2D00046F0D /* Debug */,
				9BA556DB215DAD2D00046F0D /* Release */,
			);
			defaultConfigurationIsVisible = 0;
			defaultConfigurationName = Release;
		};
		9BA556DC215DAD2D00046F0D /* Build configuration list for PBXNativeTarget "calculator" */ = {
			isa = XCConfigurationList;
			buildConfigurations = (
				9BA556DD215DAD2D00046F0D /* Debug */,
				9BA556DE215DAD2D00046F0D /* Release */,
			);
			defaultConfigurationIsVisible = 0;
			defaultConfigurationName = Release;
		};
		9BA556DF215DAD2D00046F0D /* Build configuration list for PBXNativeTarget "calculatorTests" */ = {
			isa = XCConfigurationList;
			buildConfigurations = (
				9BA556E0215DAD2D00046F0D /* Debug */,
				9BA556E1215DAD2D00046F0D /* Release */,
			);
			defaultConfigurationIsVisible = 0;
			defaultConfigurationName = Release;
		};
		9BA556E2215DAD2D00046F0D /* Build configuration list for PBXNativeTarget "calculatorUITests" */ = {
			isa = XCConfigurationList;
			buildConfigurations = (
				9BA556E3215DAD2D00046F0D /* Debug */,
				9BA556E4215DAD2D00046F0D /* Release */,
			);
			defaultConfigurationIsVisible = 0;
			defaultConfigurationName = Release;
		};
/* End XCConfigurationList section */
	};
	rootObject = 9BA556AC215DAD2B00046F0D /* Project object */;
}
